{
  "name": "workbox",
  "version": "1.0.0",
  "lockfileVersion": 1,
  "requires": true,
  "dependencies": {
    "workbox-sw": {
      "version": "2.1.1",
      "resolved": "https://registry.npmjs.org/workbox-sw/-/workbox-sw-2.1.1.tgz",
      "integrity": "sha512-vweBw08fiup2ocJWMCpd2oFlVM5s9c1vdR9PzYkO8lUGNLDU+5vvMblpe3DRBZn11FABF0OriDb6AerXp1M2tw=="
    }
  }
}
